# This file was autogenerated by uv via the following command:
#    uv pip compile C:\tmp\mgt-safetensors.in --python-version 3.12 --python-platform windows --generate-hashes --no-deps --output-file C:\tmp\mgt-ocr-safetensors.lock
safetensors @ https://xly-devops.cdn.bcebos.com/safetensors-nightly/safetensors-0.6.2.dev0-cp38-abi3-win_amd64.whl \
    --hash=sha256:e829574729a18cb4609ad11c8df9c1b810ca1b98540edae48f4d4ed6f103e012
    # via -r C:/tmp/mgt-safetensors.in
